
Microsoft Visual Studio Solution File, Format Version 12.00
# Visual Studio Version 16
VisualStudioVersion = 16.0.31105.61
MinimumVisualStudioVersion = 10.0.40219.1
Project("{FAE04EC0-301F-11D3-BF4B-00C04F79EFBC}") = "Assignment", "Assignment.csproj", "{59033454-A835-48AD-A61C-DE2D6DDB6150}"
EndProject
Global
	GlobalSection(SolutionConfigurationPlatforms) = preSolution
		Debug|Any CPU = Debug|Any CPU
		Release|Any CPU = Release|Any CPU
	EndGlobalSection
	GlobalSection(ProjectConfigurationPlatforms) = postSolution
		{59033454-A835-48AD-A61C-DE2D6DDB6150}.Debug|Any CPU.ActiveCfg = Debug|Any CPU
		{59033454-A835-48AD-A61C-DE2D6DDB6150}.Debug|Any CPU.Build.0 = Debug|Any CPU
		{59033454-A835-48AD-A61C-DE2D6DDB6150}.Release|Any CPU.ActiveCfg = Release|Any CPU
		{59033454-A835-48AD-A61C-DE2D6DDB6150}.Release|Any CPU.Build.0 = Release|Any CPU
	EndGlobalSection
	GlobalSection(SolutionProperties) = preSolution
		HideSolutionNode = FALSE
	EndGlobalSection
	GlobalSection(ExtensibilityGlobals) = postSolution
		SolutionGuid = {4F78932B-8EF4-462A-8646-CD5BF96ED0DA}
	EndGlobalSection
EndGlobal
